// !$*UTF8*$!
{
	archiveVersion = 1;
	classes = {
	};
	objectVersion = 77;
	objects = {

/* Begin PBXBuildFile section */
		00CA6F48148787EBF96068B9 /* QuickStationsWidget.swift in Sources */ = {isa = PBXBuildFile; fileRef = 95AB8D54FB1A92A63A7CCE1C /* QuickStationsWidget.swift */; };
		132CB49364D3C208A0E8BCFB /* NowPlayingWidget.swift in Sources */ = {isa = PBXBuildFile; fileRef = 774466267B38A59F67BA809B /* NowPlayingWidget.swift */; };
		2C672CC5D6F6770F3AAD25F3 /* Localizable.strings in Resources */ = {isa = PBXBuildFile; fileRef = C8ED1CF0FB4BD887DA148805 /* Localizable.strings */; };
		30A3CC2864B850CB25E1D685 /* PrivacyInfo.xcprivacy in Resources */ = {isa = PBXBuildFile; fileRef = F12D16A3378B58C2EF41FE2D /* PrivacyInfo.xcprivacy */; };
		315FE02F24D4976F2C164038 /* WidgetTheme.swift in Sources */ = {isa = PBXBuildFile; fileRef = EC5E4576BB85BB751D6C972D /* WidgetTheme.swift */; };
		324770A5351DD67ECAD00DA3 /* RadioWidgetBundle.swift in Sources */ = {isa = PBXBuildFile; fileRef = B5D5655C0DBA0C22B48D22C0 /* RadioWidgetBundle.swift */; };
		374D3D247F617D35A034AD4A /* RadioWidget.appex in Embed Foundation Extensions */ = {isa = PBXBuildFile; fileRef = 6464C3667A1A6C4490106509 /* RadioWidget.appex */; settings = {ATTRIBUTES = (RemoveHeadersOnCopy, ); }; };
		559E627710FBD8D0504B7C11 /* WidgetTheme.swift in Sources */ = {isa = PBXBuildFile; fileRef = E88F0E4D450C69BB78FB2A33 /* WidgetTheme.swift */; };
		7828AA76B46EC507332F6880 /* Localizable.strings in Resources */ = {isa = PBXBuildFile; fileRef = 62D302AD46DD9F932D3DABC4 /* Localizable.strings */; };
		7B05391FA23B94512E35487F /* QuickStationsWidget.swift in Sources */ = {isa = PBXBuildFile; fileRef = A6C760B157A84FC2570D81E1 /* QuickStationsWidget.swift */; };
		7DB7CC866AEBB5CAD9E6533A /* WidgetShared.swift in Sources */ = {isa = PBXBuildFile; fileRef = 461373DF0C0FBBE2249FCBA4 /* WidgetShared.swift */; };
		8303805AFC3B6F9C29FD435F /* NowPlayingWidget.swift in Sources */ = {isa = PBXBuildFile; fileRef = 0E5B8FE2A94897556CDB6E62 /* NowPlayingWidget.swift */; };
		A0972AF6EF7B06BC9B7D78CD /* WidgetShared.swift in Sources */ = {isa = PBXBuildFile; fileRef = 461373DF0C0FBBE2249FCBA4 /* WidgetShared.swift */; };
		B5B8AF87C2B93F7B005D7739 /* RadioWidgetBundle.swift in Sources */ = {isa = PBXBuildFile; fileRef = 688073A411BC64F7315BB219 /* RadioWidgetBundle.swift */; };
		D49D92C389C8C38D687BF15A /* WidgetShared.swift in Sources */ = {isa = PBXBuildFile; fileRef = F0BAE3565EE496594D3693A6 /* WidgetShared.swift */; };
/* End PBXBuildFile section */

/* Begin PBXContainerItemProxy section */
		9F289878B4D9F543747A7A4A /* PBXContainerItemProxy */ = {
			isa = PBXContainerItemProxy;
			containerPortal = 153C63422FC993EF009682A9 /* Project object */;
			proxyType = 1;
			remoteGlobalIDString = 221BAA816337ABA8EC38AD70;
			remoteInfo = RadioWidget;
		};
/* End PBXContainerItemProxy section */

/* Begin PBXCopyFilesBuildPhase section */
		452E9B4503D7352BD7A431AE /* Embed Foundation Extensions */ = {
			isa = PBXCopyFilesBuildPhase;
			buildActionMask = 2147483647;
			dstPath = "";
			dstSubfolderSpec = 13;
			files = (
				374D3D247F617D35A034AD4A /* RadioWidget.appex in Embed Foundation Extensions */,
			);
			name = "Embed Foundation Extensions";
			runOnlyForDeploymentPostprocessing = 0;
		};
/* End PBXCopyFilesBuildPhase section */

/* Begin PBXFileReference section */
		08041DBAB78BA5EFAF942166 /* es */ = {isa = PBXFileReference; includeInIndex = 1; lastKnownFileType = text.plist.strings; name = es; path = RadioApp/Localization/es.lproj/Localizable.strings; sourceTree = "<group>"; };
		088B290225294B86FBCEE45C /* de */ = {isa = PBXFileReference; includeInIndex = 1; lastKnownFileType = text.plist.strings; name = de; path = RadioApp/Localization/de.lproj/Localizable.strings; sourceTree = "<group>"; };
		0E5B8FE2A94897556CDB6E62 /* NowPlayingWidget.swift */ = {isa = PBXFileReference; includeInIndex = 1; lastKnownFileType = sourcecode.swift; path = NowPlayingWidget.swift; sourceTree = "<group>"; };
		153C634A2FC993EF009682A9 /* RadioApp.app */ = {isa = PBXFileReference; explicitFileType = wrapper.application; includeInIndex = 0; path = RadioApp.app; sourceTree = BUILT_PRODUCTS_DIR; };
		17396181485AEDF404B2F41F /* fr */ = {isa = PBXFileReference; includeInIndex = 1; lastKnownFileType = text.plist.strings; name = fr; path = RadioApp/Localization/fr.lproj/Localizable.strings; sourceTree = "<group>"; };
		2E13BC6EB679B0C7599EF77E /* en */ = {isa = PBXFileReference; includeInIndex = 1; lastKnownFileType = text.plist.strings; name = en; path = RadioApp/Localization/en.lproj/Localizable.strings; sourceTree = "<group>"; };
		461373DF0C0FBBE2249FCBA4 /* WidgetShared.swift */ = {isa = PBXFileReference; includeInIndex = 1; lastKnownFileType = sourcecode.swift; path = WidgetShared.swift; sourceTree = "<group>"; };
		5D62F0EAE1430DF848949214 /* de */ = {isa = PBXFileReference; includeInIndex = 1; lastKnownFileType = text.plist.strings; name = de; path = RadioApp/Localization/de.lproj/Localizable.strings; sourceTree = "<group>"; };
		6464C3667A1A6C4490106509 /* RadioWidget.appex */ = {isa = PBXFileReference; explicitFileType = "wrapper.app-extension"; includeInIndex = 0; path = RadioWidget.appex; sourceTree = BUILT_PRODUCTS_DIR; };
		688073A411BC64F7315BB219 /* RadioWidgetBundle.swift */ = {isa = PBXFileReference; includeInIndex = 1; lastKnownFileType = sourcecode.swift; path = RadioWidgetBundle.swift; sourceTree = "<group>"; };
		6ED784F8FC8CBE93EB721B88 /* es */ = {isa = PBXFileReference; includeInIndex = 1; lastKnownFileType = text.plist.strings; name = es; path = RadioApp/Localization/es.lproj/Localizable.strings; sourceTree = "<group>"; };
		774466267B38A59F67BA809B /* NowPlayingWidget.swift */ = {isa = PBXFileReference; includeInIndex = 1; lastKnownFileType = sourcecode.swift; path = NowPlayingWidget.swift; sourceTree = "<group>"; };
		7E5B39C8F184C721FC1E47A0 /* pt */ = {isa = PBXFileReference; includeInIndex = 1; lastKnownFileType = text.plist.strings; name = pt; path = RadioApp/Localization/pt.lproj/Localizable.strings; sourceTree = "<group>"; };
		8230F6C13D930B30B1A07D12 /* fr */ = {isa = PBXFileReference; includeInIndex = 1; lastKnownFileType = text.plist.strings; name = fr; path = RadioApp/Localization/fr.lproj/Localizable.strings; sourceTree = "<group>"; };
		95AB8D54FB1A92A63A7CCE1C /* QuickStationsWidget.swift */ = {isa = PBXFileReference; includeInIndex = 1; lastKnownFileType = sourcecode.swift; path = QuickStationsWidget.swift; sourceTree = "<group>"; };
		9A0068B0FD30C91829951218 /* pt */ = {isa = PBXFileReference; includeInIndex = 1; lastKnownFileType = text.plist.strings; name = pt; path = RadioApp/Localization/pt.lproj/Localizable.strings; sourceTree = "<group>"; };
		A6C760B157A84FC2570D81E1 /* QuickStationsWidget.swift */ = {isa = PBXFileReference; includeInIndex = 1; lastKnownFileType = sourcecode.swift; path = QuickStationsWidget.swift; sourceTree = "<group>"; };
		A88F397524EF54D2C0488934 /* en */ = {isa = PBXFileReference; includeInIndex = 1; lastKnownFileType = text.plist.strings; name = en; path = RadioApp/Localization/en.lproj/Localizable.strings; sourceTree = "<group>"; };
		B5D5655C0DBA0C22B48D22C0 /* RadioWidgetBundle.swift */ = {isa = PBXFileReference; includeInIndex = 1; lastKnownFileType = sourcecode.swift; path = RadioWidgetBundle.swift; sourceTree = "<group>"; };
		E0F6466D43B4B9B50378FFA6 /* Foundation.framework */ = {isa = PBXFileReference; lastKnownFileType = wrapper.framework; name = Foundation.framework; path = Platforms/iPhoneOS.platform/Developer/SDKs/iPhoneOS18.0.sdk/System/Library/Frameworks/Foundation.framework; sourceTree = DEVELOPER_DIR; };
		E88F0E4D450C69BB78FB2A33 /* WidgetTheme.swift */ = {isa = PBXFileReference; includeInIndex = 1; lastKnownFileType = sourcecode.swift; path = WidgetTheme.swift; sourceTree = "<group>"; };
		EC5E4576BB85BB751D6C972D /* WidgetTheme.swift */ = {isa = PBXFileReference; includeInIndex = 1; lastKnownFileType = sourcecode.swift; path = WidgetTheme.swift; sourceTree = "<group>"; };
		F12D16A3378B58C2EF41FE2D /* PrivacyInfo.xcprivacy */ = {isa = PBXFileReference; includeInIndex = 1; path = PrivacyInfo.xcprivacy; sourceTree = "<group>"; };
/* End PBXFileReference section */

/* Begin PBXFileSystemSynchronizedBuildFileExceptionSet section */
		153C63A72FC9B695009682A9 /* Exceptions for "RadioApp" folder in "RadioApp" target */ = {
			isa = PBXFileSystemSynchronizedBuildFileExceptionSet;
			membershipExceptions = (
				Info.plist,
			);
			target = 153C63492FC993EF009682A9 /* RadioApp */;
		};
/* End PBXFileSystemSynchronizedBuildFileExceptionSet section */

/* Begin PBXFileSystemSynchronizedRootGroup section */
		153C634C2FC993EF009682A9 /* RadioApp */ = {
			isa = PBXFileSystemSynchronizedRootGroup;
			exceptions = (
				153C63A72FC9B695009682A9 /* Exceptions for "RadioApp" folder in "RadioApp" target */,
			);
			path = RadioApp;
			sourceTree = "<group>";
		};
/* End PBXFileSystemSynchronizedRootGroup section */

/* Begin PBXFrameworksBuildPhase section */
		153C63472FC993EF009682A9 /* Frameworks */ = {
			isa = PBXFrameworksBuildPhase;
			buildActionMask = 2147483647;
			files = (
			);
			runOnlyForDeploymentPostprocessing = 0;
		};
		334B70ADA546CC8A59EB0FF8 /* Frameworks */ = {
			isa = PBXFrameworksBuildPhase;
			buildActionMask = 2147483647;
			files = (
			);
			runOnlyForDeploymentPostprocessing = 0;
		};
/* End PBXFrameworksBuildPhase section */

/* Begin PBXGroup section */
		153C63412FC993EF009682A9 = {
			isa = PBXGroup;
			children = (
				153C634C2FC993EF009682A9 /* RadioApp */,
				153C634B2FC993EF009682A9 /* Products */,
				3C28E63DF54863CF854D3605 /* Frameworks */,
				9EFFE92E68AD776A3D1AABEA /* RadioWidget */,
				D811BB9450D0B64D5D5849C3 /* Shared */,
				578FFD378D5499AB335A34F5 /* WidgetResources */,
			);
			sourceTree = "<group>";
		};
		153C634B2FC993EF009682A9 /* Products */ = {
			isa = PBXGroup;
			children = (
				153C634A2FC993EF009682A9 /* RadioApp.app */,
				6464C3667A1A6C4490106509 /* RadioWidget.appex */,
			);
			name = Products;
			sourceTree = "<group>";
		};
		3C28E63DF54863CF854D3605 /* Frameworks */ = {
			isa = PBXGroup;
			children = (
				6019AD9BD5F93360C830291A /* iOS */,
			);
			name = Frameworks;
			sourceTree = "<group>";
		};
		578FFD378D5499AB335A34F5 /* WidgetResources */ = {
			isa = PBXGroup;
			children = (
				62D302AD46DD9F932D3DABC4 /* Localizable.strings */,
			);
			name = WidgetResources;
			sourceTree = "<group>";
		};
		6019AD9BD5F93360C830291A /* iOS */ = {
			isa = PBXGroup;
			children = (
				E0F6466D43B4B9B50378FFA6 /* Foundation.framework */,
			);
			name = iOS;
			sourceTree = "<group>";
		};
		9EFFE92E68AD776A3D1AABEA /* RadioWidget */ = {
			isa = PBXGroup;
			children = (
				B5D5655C0DBA0C22B48D22C0 /* RadioWidgetBundle.swift */,
				0E5B8FE2A94897556CDB6E62 /* NowPlayingWidget.swift */,
				95AB8D54FB1A92A63A7CCE1C /* QuickStationsWidget.swift */,
				EC5E4576BB85BB751D6C972D /* WidgetTheme.swift */,
				F12D16A3378B58C2EF41FE2D /* PrivacyInfo.xcprivacy */,
			);
			name = RadioWidget;
			path = RadioWidget;
			sourceTree = "<group>";
		};
		D811BB9450D0B64D5D5849C3 /* Shared */ = {
			isa = PBXGroup;
			children = (
				461373DF0C0FBBE2249FCBA4 /* WidgetShared.swift */,
			);
			name = Shared;
			path = Shared;
			sourceTree = "<group>";
		};
/* End PBXGroup section */

/* Begin PBXNativeTarget section */
		153C63492FC993EF009682A9 /* RadioApp */ = {
			isa = PBXNativeTarget;
			buildConfigurationList = 153C63552FC993F0009682A9 /* Build configuration list for PBXNativeTarget "RadioApp" */;
			buildPhases = (
				153C63462FC993EF009682A9 /* Sources */,
				153C63472FC993EF009682A9 /* Frameworks */,
				153C63482FC993EF009682A9 /* Resources */,
				452E9B4503D7352BD7A431AE /* Embed Foundation Extensions */,
			);
			buildRules = (
			);
			dependencies = (
				92B0077DD868129AC043C5A1 /* PBXTargetDependency */,
			);
			fileSystemSynchronizedGroups = (
				153C634C2FC993EF009682A9 /* RadioApp */,
			);
			name = RadioApp;
			productName = RadioApp;
			productReference = 153C634A2FC993EF009682A9 /* RadioApp.app */;
			productType = "com.apple.product-type.application";
		};
		221BAA816337ABA8EC38AD70 /* RadioWidget */ = {
			isa = PBXNativeTarget;
			buildConfigurationList = 6A253876271334A20CAF2B71 /* Build configuration list for PBXNativeTarget "RadioWidget" */;
			buildPhases = (
				6B01F1E5630A06D3C8026B5B /* Sources */,
				334B70ADA546CC8A59EB0FF8 /* Frameworks */,
				BF5FADBF229C86B4A38B3A27 /* Resources */,
			);
			buildRules = (
			);
			dependencies = (
			);
			name = RadioWidget;
			productName = RadioWidget;
			productReference = 6464C3667A1A6C4490106509 /* RadioWidget.appex */;
			productType = "com.apple.product-type.app-extension";
		};
/* End PBXNativeTarget section */

/* Begin PBXProject section */
		153C63422FC993EF009682A9 /* Project object */ = {
			isa = PBXProject;
			attributes = {
				BuildIndependentTargetsInParallel = 1;
				LastSwiftUpdateCheck = 2650;
				LastUpgradeCheck = 2650;
				TargetAttributes = {
					153C63492FC993EF009682A9 = {
						CreatedOnToolsVersion = 26.5;
					};
				};
			};
			buildConfigurationList = 153C63452FC993EF009682A9 /* Build configuration list for PBXProject "RadioApp" */;
			developmentRegion = en;
			hasScannedForEncodings = 0;
			knownRegions = (
				en,
				Base,
				es,
				fr,
				de,
				pt,
			);
			mainGroup = 153C63412FC993EF009682A9;
			minimizedProjectReferenceProxies = 1;
			preferredProjectObjectVersion = 77;
			productRefGroup = 153C634B2FC993EF009682A9 /* Products */;
			projectDirPath = "";
			projectRoot = "";
			targets = (
				153C63492FC993EF009682A9 /* RadioApp */,
				221BAA816337ABA8EC38AD70 /* RadioWidget */,
			);
		};
/* End PBXProject section */

/* Begin PBXResourcesBuildPhase section */
		153C63482FC993EF009682A9 /* Resources */ = {
			isa = PBXResourcesBuildPhase;
			buildActionMask = 2147483647;
			files = (
			);
			runOnlyForDeploymentPostprocessing = 0;
		};
		BF5FADBF229C86B4A38B3A27 /* Resources */ = {
			isa = PBXResourcesBuildPhase;
			buildActionMask = 2147483647;
			files = (
				7828AA76B46EC507332F6880 /* Localizable.strings in Resources */,
				30A3CC2864B850CB25E1D685 /* PrivacyInfo.xcprivacy in Resources */,
			);
			runOnlyForDeploymentPostprocessing = 0;
		};
/* End PBXResourcesBuildPhase section */

/* Begin PBXSourcesBuildPhase section */
		153C63462FC993EF009682A9 /* Sources */ = {
			isa = PBXSourcesBuildPhase;
			buildActionMask = 2147483647;
			files = (
				7DB7CC866AEBB5CAD9E6533A /* WidgetShared.swift in Sources */,
			);
			runOnlyForDeploymentPostprocessing = 0;
		};
		6B01F1E5630A06D3C8026B5B /* Sources */ = {
			isa = PBXSourcesBuildPhase;
			buildActionMask = 2147483647;
			files = (
				324770A5351DD67ECAD00DA3 /* RadioWidgetBundle.swift in Sources */,
				8303805AFC3B6F9C29FD435F /* NowPlayingWidget.swift in Sources */,
				00CA6F48148787EBF96068B9 /* QuickStationsWidget.swift in Sources */,
				315FE02F24D4976F2C164038 /* WidgetTheme.swift in Sources */,
				A0972AF6EF7B06BC9B7D78CD /* WidgetShared.swift in Sources */,
			);
			runOnlyForDeploymentPostprocessing = 0;
		};
/* End PBXSourcesBuildPhase section */

/* Begin PBXTargetDependency section */
		92B0077DD868129AC043C5A1 /* PBXTargetDependency */ = {
			isa = PBXTargetDependency;
			name = RadioWidget;
			target = 221BAA816337ABA8EC38AD70 /* RadioWidget */;
			targetProxy = 9F289878B4D9F543747A7A4A /* PBXContainerItemProxy */;
		};
/* End PBXTargetDependency section */

/* Begin PBXVariantGroup section */
		62D302AD46DD9F932D3DABC4 /* Localizable.strings */ = {
			isa = PBXVariantGroup;
			children = (
				2E13BC6EB679B0C7599EF77E /* en */,
				08041DBAB78BA5EFAF942166 /* es */,
				8230F6C13D930B30B1A07D12 /* fr */,
				5D62F0EAE1430DF848949214 /* de */,
				7E5B39C8F184C721FC1E47A0 /* pt */,
			);
			name = Localizable.strings;
			sourceTree = "<group>";
		};
		C8ED1CF0FB4BD887DA148805 /* Localizable.strings */ = {
			isa = PBXVariantGroup;
			children = (
				A88F397524EF54D2C0488934 /* en */,
				6ED784F8FC8CBE93EB721B88 /* es */,
				17396181485AEDF404B2F41F /* fr */,
				088B290225294B86FBCEE45C /* de */,
				9A0068B0FD30C91829951218 /* pt */,
			);
			name = Localizable.strings;
			sourceTree = "<group>";
		};
/* End PBXVariantGroup section */

/* Begin XCBuildConfiguration section */
		153C63532FC993F0009682A9 /* Debug */ = {
			isa = XCBuildConfiguration;
			buildSettings = {
				ALWAYS_SEARCH_USER_PATHS = NO;
				ASSETCATALOG_COMPILER_GENERATE_SWIFT_ASSET_SYMBOL_EXTENSIONS = YES;
				CLANG_ANALYZER_NONNULL = YES;
				CLANG_ANALYZER_NUMBER_OBJECT_CONVERSION = YES_AGGRESSIVE;
				CLANG_CXX_LANGUAGE_STANDARD = "gnu++20";
				CLANG_ENABLE_MODULES = YES;
				CLANG_ENABLE_OBJC_ARC = YES;
				CLANG_ENABLE_OBJC_WEAK = YES;
				CLANG_WARN_BLOCK_CAPTURE_AUTORELEASING = YES;
				CLANG_WARN_BOOL_CONVERSION = YES;
				CLANG_WARN_COMMA = YES;
				CLANG_WARN_CONSTANT_CONVERSION = YES;
				CLANG_WARN_DEPRECATED_OBJC_IMPLEMENTATIONS = YES;
				CLANG_WARN_DIRECT_OBJC_ISA_USAGE = YES_ERROR;
				CLANG_WARN_DOCUMENTATION_COMMENTS = YES;
				CLANG_WARN_EMPTY_BODY = YES;
				CLANG_WARN_ENUM_CONVERSION = YES;
				CLANG_WARN_INFINITE_RECURSION = YES;
				CLANG_WARN_INT_CONVERSION = YES;
				CLANG_WARN_NON_LITERAL_NULL_CONVERSION = YES;
				CLANG_WARN_OBJC_IMPLICIT_RETAIN_SELF = YES;
				CLANG_WARN_OBJC_LITERAL_CONVERSION = YES;
				CLANG_WARN_OBJC_ROOT_CLASS = YES_ERROR;
				CLANG_WARN_QUOTED_INCLUDE_IN_FRAMEWORK_HEADER = YES;
				CLANG_WARN_RANGE_LOOP_ANALYSIS = YES;
				CLANG_WARN_STRICT_PROTOTYPES = YES;
				CLANG_WARN_SUSPICIOUS_MOVE = YES;
				CLANG_WARN_UNGUARDED_AVAILABILITY = YES_AGGRESSIVE;
				CLANG_WARN_UNREACHABLE_CODE = YES;
				CLANG_WARN__DUPLICATE_METHOD_MATCH = YES;
				COPY_PHASE_STRIP = NO;
				DEBUG_INFORMATION_FORMAT = dwarf;
				DEVELOPMENT_TEAM = JKMR84FU58;
				ENABLE_STRICT_OBJC_MSGSEND = YES;
				ENABLE_TESTABILITY = YES;
				ENABLE_USER_SCRIPT_SANDBOXING = YES;
				GCC_C_LANGUAGE_STANDARD = gnu17;
				GCC_DYNAMIC_NO_PIC = NO;
				GCC_NO_COMMON_BLOCKS = YES;
				GCC_OPTIMIZATION_LEVEL = 0;
				GCC_PREPROCESSOR_DEFINITIONS = (
					"DEBUG=1",
					"$(inherited)",
				);
				GCC_WARN_64_TO_32_BIT_CONVERSION = YES;
				GCC_WARN_ABOUT_RETURN_TYPE = YES_ERROR;
				GCC_WARN_UNDECLARED_SELECTOR = YES;
				GCC_WARN_UNINITIALIZED_AUTOS = YES_AGGRESSIVE;
				GCC_WARN_UNUSED_FUNCTION = YES;
				GCC_WARN_UNUSED_VARIABLE = YES;
				IPHONEOS_DEPLOYMENT_TARGET = 26.5;
				LOCALIZATION_PREFERS_STRING_CATALOGS = YES;
				MTL_ENABLE_DEBUG_INFO = INCLUDE_SOURCE;
				MTL_FAST_MATH = YES;
				ONLY_ACTIVE_ARCH = YES;
				SDKROOT = iphoneos;
				SWIFT_ACTIVE_COMPILATION_CONDITIONS = "DEBUG $(inherited)";
				SWIFT_OPTIMIZATION_LEVEL = "-Onone";
			};
			name = Debug;
		};
		153C63542FC993F0009682A9 /* Release */ = {
			isa = XCBuildConfiguration;
			buildSettings = {
				ALWAYS_SEARCH_USER_PATHS = NO;
				ASSETCATALOG_COMPILER_GENERATE_SWIFT_ASSET_SYMBOL_EXTENSIONS = YES;
				CLANG_ANALYZER_NONNULL = YES;
				CLANG_ANALYZER_NUMBER_OBJECT_CONVERSION = YES_AGGRESSIVE;
				CLANG_CXX_LANGUAGE_STANDARD = "gnu++20";
				CLANG_ENABLE_MODULES = YES;
				CLANG_ENABLE_OBJC_ARC = YES;
				CLANG_ENABLE_OBJC_WEAK = YES;
				CLANG_WARN_BLOCK_CAPTURE_AUTORELEASING = YES;
				CLANG_WARN_BOOL_CONVERSION = YES;
				CLANG_WARN_COMMA = YES;
				CLANG_WARN_CONSTANT_CONVERSION = YES;
				CLANG_WARN_DEPRECATED_OBJC_IMPLEMENTATIONS = YES;
				CLANG_WARN_DIRECT_OBJC_ISA_USAGE = YES_ERROR;
				CLANG_WARN_DOCUMENTATION_COMMENTS = YES;
				CLANG_WARN_EMPTY_BODY = YES;
				CLANG_WARN_ENUM_CONVERSION = YES;
				CLANG_WARN_INFINITE_RECURSION = YES;
				CLANG_WARN_INT_CONVERSION = YES;
				CLANG_WARN_NON_LITERAL_NULL_CONVERSION = YES;
				CLANG_WARN_OBJC_IMPLICIT_RETAIN_SELF = YES;
				CLANG_WARN_OBJC_LITERAL_CONVERSION = YES;
				CLANG_WARN_OBJC_ROOT_CLASS = YES_ERROR;
				CLANG_WARN_QUOTED_INCLUDE_IN_FRAMEWORK_HEADER = YES;
				CLANG_WARN_RANGE_LOOP_ANALYSIS = YES;
				CLANG_WARN_STRICT_PROTOTYPES = YES;
				CLANG_WARN_SUSPICIOUS_MOVE = YES;
				CLANG_WARN_UNGUARDED_AVAILABILITY = YES_AGGRESSIVE;
				CLANG_WARN_UNREACHABLE_CODE = YES;
				CLANG_WARN__DUPLICATE_METHOD_MATCH = YES;
				COPY_PHASE_STRIP = NO;
				DEBUG_INFORMATION_FORMAT = "dwarf-with-dsym";
				DEVELOPMENT_TEAM = JKMR84FU58;
				ENABLE_NS_ASSERTIONS = NO;
				ENABLE_STRICT_OBJC_MSGSEND = YES;
				ENABLE_USER_SCRIPT_SANDBOXING = YES;
				GCC_C_LANGUAGE_STANDARD = gnu17;
				GCC_NO_COMMON_BLOCKS = YES;
				GCC_WARN_64_TO_32_BIT_CONVERSION = YES;
				GCC_WARN_ABOUT_RETURN_TYPE = YES_ERROR;
				GCC_WARN_UNDECLARED_SELECTOR = YES;
				GCC_WARN_UNINITIALIZED_AUTOS = YES_AGGRESSIVE;
				GCC_WARN_UNUSED_FUNCTION = YES;
				GCC_WARN_UNUSED_VARIABLE = YES;
				IPHONEOS_DEPLOYMENT_TARGET = 26.5;
				LOCALIZATION_PREFERS_STRING_CATALOGS = YES;
				MTL_ENABLE_DEBUG_INFO = NO;
				MTL_FAST_MATH = YES;
				SDKROOT = iphoneos;
				SWIFT_COMPILATION_MODE = wholemodule;
				VALIDATE_PRODUCT = YES;
			};
			name = Release;
		};
		153C63562FC993F0009682A9 /* Debug */ = {
			isa = XCBuildConfiguration;
			buildSettings = {
				ASSETCATALOG_COMPILER_APPICON_NAME = AppIcon;
				ASSETCATALOG_COMPILER_GLOBAL_ACCENT_COLOR_NAME = AccentColor;
				CODE_SIGN_ENTITLEMENTS = RadioApp/RadioApp.entitlements;
				CODE_SIGN_STYLE = Automatic;
				CURRENT_PROJECT_VERSION = 2;
				DEVELOPMENT_TEAM = JKMR84FU58;
				ENABLE_PREVIEWS = YES;
				GENERATE_INFOPLIST_FILE = YES;
				INFOPLIST_FILE = RadioApp/Info.plist;
				INFOPLIST_KEY_UIApplicationSupportsIndirectInputEvents = YES;
				INFOPLIST_KEY_UILaunchScreen_Generation = YES;
				INFOPLIST_KEY_UISupportedInterfaceOrientations_iPad = "UIInterfaceOrientationPortrait UIInterfaceOrientationPortraitUpsideDown UIInterfaceOrientationLandscapeLeft UIInterfaceOrientationLandscapeRight";
				INFOPLIST_KEY_UISupportedInterfaceOrientations_iPhone = "UIInterfaceOrientationPortrait UIInterfaceOrientationLandscapeLeft UIInterfaceOrientationLandscapeRight";
				LD_RUNPATH_SEARCH_PATHS = (
					"$(inherited)",
					"@executable_path/Frameworks",
				);
				MARKETING_VERSION = 1.2;
				PRODUCT_BUNDLE_IDENTIFIER = Altamirano.RadioApp;
				PRODUCT_NAME = "$(TARGET_NAME)";
				STRING_CATALOG_GENERATE_SYMBOLS = YES;
				SWIFT_APPROACHABLE_CONCURRENCY = YES;
				SWIFT_DEFAULT_ACTOR_ISOLATION = MainActor;
				SWIFT_EMIT_LOC_STRINGS = YES;
				SWIFT_UPCOMING_FEATURE_MEMBER_IMPORT_VISIBILITY = YES;
				SWIFT_VERSION = 5.0;
				TARGETED_DEVICE_FAMILY = "1,2";
			};
			name = Debug;
		};
		153C63572FC993F0009682A9 /* Release */ = {
			isa = XCBuildConfiguration;
			buildSettings = {
				ASSETCATALOG_COMPILER_APPICON_NAME = AppIcon;
				ASSETCATALOG_COMPILER_GLOBAL_ACCENT_COLOR_NAME = AccentColor;
				CODE_SIGN_ENTITLEMENTS = RadioApp/RadioApp.entitlements;
				CODE_SIGN_STYLE = Automatic;
				CURRENT_PROJECT_VERSION = 2;
				DEVELOPMENT_TEAM = JKMR84FU58;
				ENABLE_PREVIEWS = YES;
				GENERATE_INFOPLIST_FILE = YES;
				INFOPLIST_FILE = RadioApp/Info.plist;
				INFOPLIST_KEY_UIApplicationSupportsIndirectInputEvents = YES;
				INFOPLIST_KEY_UILaunchScreen_Generation = YES;
				INFOPLIST_KEY_UISupportedInterfaceOrientations_iPad = "UIInterfaceOrientationPortrait UIInterfaceOrientationPortraitUpsideDown UIInterfaceOrientationLandscapeLeft UIInterfaceOrientationLandscapeRight";
				INFOPLIST_KEY_UISupportedInterfaceOrientations_iPhone = "UIInterfaceOrientationPortrait UIInterfaceOrientationLandscapeLeft UIInterfaceOrientationLandscapeRight";
				LD_RUNPATH_SEARCH_PATHS = (
					"$(inherited)",
					"@executable_path/Frameworks",
				);
				MARKETING_VERSION = 1.2;
				PRODUCT_BUNDLE_IDENTIFIER = Altamirano.RadioApp;
				PRODUCT_NAME = "$(TARGET_NAME)";
				STRING_CATALOG_GENERATE_SYMBOLS = YES;
				SWIFT_APPROACHABLE_CONCURRENCY = YES;
				SWIFT_DEFAULT_ACTOR_ISOLATION = MainActor;
				SWIFT_EMIT_LOC_STRINGS = YES;
				SWIFT_UPCOMING_FEATURE_MEMBER_IMPORT_VISIBILITY = YES;
				SWIFT_VERSION = 5.0;
				TARGETED_DEVICE_FAMILY = "1,2";
			};
			name = Release;
		};
		4E66EA993B47C251D3BBEEF7 /* Release */ = {
			isa = XCBuildConfiguration;
			buildSettings = {
				CLANG_ENABLE_OBJC_WEAK = NO;
				CODE_SIGN_ENTITLEMENTS = RadioWidget/RadioWidget.entitlements;
				CODE_SIGN_STYLE = Automatic;
				CURRENT_PROJECT_VERSION = 2;
				DEVELOPMENT_TEAM = JKMR84FU58;
				GENERATE_INFOPLIST_FILE = NO;
				INFOPLIST_FILE = RadioWidget/Info.plist;
				IPHONEOS_DEPLOYMENT_TARGET = 26.5;
				LD_RUNPATH_SEARCH_PATHS = (
					"$(inherited)",
					"@executable_path/Frameworks",
					"@executable_path/../../Frameworks",
				);
				MARKETING_VERSION = 1.2;
				PRODUCT_BUNDLE_IDENTIFIER = Altamirano.RadioApp.RadioWidget;
				PRODUCT_NAME = "$(TARGET_NAME)";
				SDKROOT = iphoneos;
				SKIP_INSTALL = YES;
				SWIFT_EMIT_LOC_STRINGS = YES;
				SWIFT_VERSION = 5.0;
				TARGETED_DEVICE_FAMILY = "1,2";
				VALIDATE_PRODUCT = YES;
			};
			name = Release;
		};
		B410324005F3EBDB085E31D5 /* Release */ = {
			isa = XCBuildConfiguration;
			buildSettings = {
				CLANG_ENABLE_OBJC_WEAK = NO;
				CODE_SIGN_ENTITLEMENTS = RadioWidget/RadioWidget.entitlements;
				CODE_SIGN_STYLE = Automatic;
				CURRENT_PROJECT_VERSION = 2;
				DEVELOPMENT_TEAM = JKMR84FU58;
				GENERATE_INFOPLIST_FILE = NO;
				INFOPLIST_FILE = RadioWidget/Info.plist;
				IPHONEOS_DEPLOYMENT_TARGET = 26.5;
				LD_RUNPATH_SEARCH_PATHS = (
					"$(inherited)",
					"@executable_path/Frameworks",
					"@executable_path/../../Frameworks",
				);
				MARKETING_VERSION = 1.2;
				PRODUCT_BUNDLE_IDENTIFIER = Altamirano.RadioApp.RadioWidget;
				PRODUCT_NAME = "$(TARGET_NAME)";
				SDKROOT = iphoneos;
				SKIP_INSTALL = YES;
				SWIFT_EMIT_LOC_STRINGS = YES;
				SWIFT_VERSION = 5.0;
				TARGETED_DEVICE_FAMILY = "1,2";
				VALIDATE_PRODUCT = YES;
			};
			name = Release;
		};
		B8582194F972C0A226D4B561 /* Debug */ = {
			isa = XCBuildConfiguration;
			buildSettings = {
				CLANG_ENABLE_OBJC_WEAK = NO;
				CODE_SIGN_ENTITLEMENTS = RadioWidget/RadioWidget.entitlements;
				CODE_SIGN_STYLE = Automatic;
				CURRENT_PROJECT_VERSION = 2;
				DEVELOPMENT_TEAM = JKMR84FU58;
				GENERATE_INFOPLIST_FILE = NO;
				INFOPLIST_FILE = RadioWidget/Info.plist;
				IPHONEOS_DEPLOYMENT_TARGET = 26.5;
				LD_RUNPATH_SEARCH_PATHS = (
					"$(inherited)",
					"@executable_path/Frameworks",
					"@executable_path/../../Frameworks",
				);
				MARKETING_VERSION = 1.2;
				PRODUCT_BUNDLE_IDENTIFIER = Altamirano.RadioApp.RadioWidget;
				PRODUCT_NAME = "$(TARGET_NAME)";
				SDKROOT = iphoneos;
				SKIP_INSTALL = YES;
				SWIFT_EMIT_LOC_STRINGS = YES;
				SWIFT_VERSION = 5.0;
				TARGETED_DEVICE_FAMILY = "1,2";
			};
			name = Debug;
		};
		BB11DDFD3023E85DE709CAA6 /* Debug */ = {
			isa = XCBuildConfiguration;
			buildSettings = {
				CLANG_ENABLE_OBJC_WEAK = NO;
				CODE_SIGN_ENTITLEMENTS = RadioWidget/RadioWidget.entitlements;
				CODE_SIGN_STYLE = Automatic;
				CURRENT_PROJECT_VERSION = 2;
				DEVELOPMENT_TEAM = JKMR84FU58;
				GENERATE_INFOPLIST_FILE = NO;
				INFOPLIST_FILE = RadioWidget/Info.plist;
				IPHONEOS_DEPLOYMENT_TARGET = 26.5;
				LD_RUNPATH_SEARCH_PATHS = (
					"$(inherited)",
					"@executable_path/Frameworks",
					"@executable_path/../../Frameworks",
				);
				MARKETING_VERSION = 1.2;
				PRODUCT_BUNDLE_IDENTIFIER = Altamirano.RadioApp.RadioWidget;
				PRODUCT_NAME = "$(TARGET_NAME)";
				SDKROOT = iphoneos;
				SKIP_INSTALL = YES;
				SWIFT_EMIT_LOC_STRINGS = YES;
				SWIFT_VERSION = 5.0;
				TARGETED_DEVICE_FAMILY = "1,2";
			};
			name = Debug;
		};
/* End XCBuildConfiguration section */

/* Begin XCConfigurationList section */
		153C63452FC993EF009682A9 /* Build configuration list for PBXProject "RadioApp" */ = {
			isa = XCConfigurationList;
			buildConfigurations = (
				153C63532FC993F0009682A9 /* Debug */,
				153C63542FC993F0009682A9 /* Release */,
			);
			defaultConfigurationIsVisible = 0;
			defaultConfigurationName = Release;
		};
		153C63552FC993F0009682A9 /* Build configuration list for PBXNativeTarget "RadioApp" */ = {
			isa = XCConfigurationList;
			buildConfigurations = (
				153C63562FC993F0009682A9 /* Debug */,
				153C63572FC993F0009682A9 /* Release */,
			);
			defaultConfigurationIsVisible = 0;
			defaultConfigurationName = Release;
		};
		6A253876271334A20CAF2B71 /* Build configuration list for PBXNativeTarget "RadioWidget" */ = {
			isa = XCConfigurationList;
			buildConfigurations = (
				B410324005F3EBDB085E31D5 /* Release */,
				B8582194F972C0A226D4B561 /* Debug */,
			);
			defaultConfigurationIsVisible = 0;
			defaultConfigurationName = Release;
		};
/* End XCConfigurationList section */
	};
	rootObject = 153C63422FC993EF009682A9 /* Project object */;
}
